
Microsoft Visual Studio Solution File, Format Version 12.00
# Visual Studio Version 17
VisualStudioVersion = 17.8.34330.188
MinimumVisualStudioVersion = 10.0.40219.1
Project("{FAE04EC0-301F-11D3-BF4B-00C04F79EFBC}") = "Bowling.Core", "Bowling.Core\Bowling.Core.csproj", "{DA191689-D22B-4736-B925-2C577E9E6799}"
EndProject
Project("{FAE04EC0-301F-11D3-BF4B-00C04F79EFBC}") = "Bowling.Tests", "Bowling.Tests\Bowling.Tests.csproj", "{CC641AB6-BD3D-4627-925F-D054855AAC26}"
EndProject
Global
	GlobalSection(SolutionConfigurationPlatforms) = preSolution
		Debug|Any CPU = Debug|Any CPU
		Release|Any CPU = Release|Any CPU
	EndGlobalSection
	GlobalSection(ProjectConfigurationPlatforms) = postSolution
		{DA191689-D22B-4736-B925-2C577E9E6799}.Debug|Any CPU.ActiveCfg = Debug|Any CPU
		{DA191689-D22B-4736-B925-2C577E9E6799}.Debug|Any CPU.Build.0 = Debug|Any CPU
		{DA191689-D22B-4736-B925-2C577E9E6799}.Release|Any CPU.ActiveCfg = Release|Any CPU
		{DA191689-D22B-4736-B925-2C577E9E6799}.Release|Any CPU.Build.0 = Release|Any CPU
		{CC641AB6-BD3D-4627-925F-D054855AAC26}.Debug|Any CPU.ActiveCfg = Debug|Any CPU
		{CC641AB6-BD3D-4627-925F-D054855AAC26}.Debug|Any CPU.Build.0 = Debug|Any CPU
		{CC641AB6-BD3D-4627-925F-D054855AAC26}.Release|Any CPU.ActiveCfg = Release|Any CPU
		{CC641AB6-BD3D-4627-925F-D054855AAC26}.Release|Any CPU.Build.0 = Release|Any CPU
	EndGlobalSection
	GlobalSection(SolutionProperties) = preSolution
		HideSolutionNode = FALSE
	EndGlobalSection
	GlobalSection(ExtensibilityGlobals) = postSolution
		SolutionGuid = {AC127398-1238-435C-8491-0676E4518676}
	EndGlobalSection
EndGlobal
