
Microsoft Visual Studio Solution File, Format Version 12.00
# Visual Studio Version 17
VisualStudioVersion = 17.8.34330.188
MinimumVisualStudioVersion = 10.0.40219.1
Project("{9A19103F-16F7-4668-BE54-9A1E7A4F7556}") = "exercice 1", "ConsoleApp1\exercice 1.csproj", "{AC41852E-D102-42A1-8808-36B2A5D07F47}"
EndProject
Project("{2150E333-8FDC-42A3-9474-1A3956D46DE8}") = "Exercice Csharp", "Exercice Csharp", "{637AA4FC-63BA-4CDF-AE40-963C96AF36F3}"
EndProject
Project("{9A19103F-16F7-4668-BE54-9A1E7A4F7556}") = "Exercice 2", "demo2\Exercice 2.csproj", "{357E24C1-D60B-460B-8098-15FFE39FD946}"
EndProject
Project("{9A19103F-16F7-4668-BE54-9A1E7A4F7556}") = "Exercice 3", "Exercice 3\Exercice 3.csproj", "{9666E8D1-4B35-4863-91E4-B7680CF4A480}"
EndProject
Project("{9A19103F-16F7-4668-BE54-9A1E7A4F7556}") = "Exercice 4", "Exercice 4\Exercice 4.csproj", "{F31F40CA-ECF2-404C-9791-CEF6DD90C994}"
EndProject
Project("{9A19103F-16F7-4668-BE54-9A1E7A4F7556}") = "Exercice 5", "Exercice 5\Exercice 5.csproj", "{A6BE909B-3E44-4A4C-801E-8DB9A3EB3182}"
EndProject
Project("{9A19103F-16F7-4668-BE54-9A1E7A4F7556}") = "Exercice 6", "Exercice 6\Exercice 6.csproj", "{CE0BD288-FF6E-42B5-A307-C94BE8F338AE}"
EndProject
Project("{9A19103F-16F7-4668-BE54-9A1E7A4F7556}") = "Exercice 7", "Exercice 7\Exercice 7.csproj", "{2AD9C2A9-6D6A-433A-AD48-C6C497FC1029}"
EndProject
Project("{9A19103F-16F7-4668-BE54-9A1E7A4F7556}") = "Exercice 8", "Exercice 8\Exercice 8.csproj", "{3DFD4ED5-F21F-4481-9747-6B24A1E02C75}"
EndProject
Project("{9A19103F-16F7-4668-BE54-9A1E7A4F7556}") = "Exercice 9", "Exercice 9\Exercice 9.csproj", "{BA5F4ABF-A5C9-467C-9FE3-F22FA884D40C}"
EndProject
Project("{9A19103F-16F7-4668-BE54-9A1E7A4F7556}") = "Chrono", "Chrono\Chrono.csproj", "{8D854B95-280D-4C2D-99F8-F564E39648D5}"
EndProject
Project("{9A19103F-16F7-4668-BE54-9A1E7A4F7556}") = "Exercice 10", "Exercice 10\Exercice 10.csproj", "{298C7577-56F6-45B9-9168-811F0393C797}"
EndProject
Project("{9A19103F-16F7-4668-BE54-9A1E7A4F7556}") = "Exercice 11", "Exercice 11\Exercice 11.csproj", "{832B14A3-2659-44C2-ADE9-58AA56353D18}"
EndProject
Project("{9A19103F-16F7-4668-BE54-9A1E7A4F7556}") = "Exercice 12", "Exercice 12\Exercice 12.csproj", "{E7565D5B-29DC-4B59-9584-D5880ECB8A88}"
EndProject
Project("{9A19103F-16F7-4668-BE54-9A1E7A4F7556}") = "Exercice 13", "Exercice 13\Exercice 13.csproj", "{8D29676A-7A13-4A18-8394-25F17A8F32E2}"
EndProject
Project("{9A19103F-16F7-4668-BE54-9A1E7A4F7556}") = "Exercice 14", "Exercice 14\Exercice 14.csproj", "{E7B60AAE-E974-4DCD-9EAB-B4E9C1E6EAEC}"
EndProject
Project("{9A19103F-16F7-4668-BE54-9A1E7A4F7556}") = "Exercice15", "Exercice15\Exercice15.csproj", "{AAC4C0F2-9F2A-4A36-9F4A-C866733C09CA}"
EndProject
Project("{9A19103F-16F7-4668-BE54-9A1E7A4F7556}") = "Exercice 17", "Exercice 17\Exercice 17.csproj", "{3EE28F9F-C8C1-4864-BCBD-949E62C9C963}"
EndProject
Project("{9A19103F-16F7-4668-BE54-9A1E7A4F7556}") = "Exercice 18", "Exercice 18\Exercice 18.csproj", "{9F168E40-4210-441D-98FB-38E846E895B3}"
EndProject
Project("{9A19103F-16F7-4668-BE54-9A1E7A4F7556}") = "exercice 20", "exercice 20\exercice 20.csproj", "{F1AF379C-2D8B-499E-93CB-13C60A027552}"
EndProject
Project("{9A19103F-16F7-4668-BE54-9A1E7A4F7556}") = "Exercice 21", "Exercice 22\Exercice 21.csproj", "{6CE829C2-88FF-4AF1-B557-C52150E8FD71}"
EndProject
Project("{9A19103F-16F7-4668-BE54-9A1E7A4F7556}") = "exercice 22", "exercice 23\exercice 22.csproj", "{81D45F59-CFCC-49BB-8E99-CB74E2B28603}"
EndProject
Project("{9A19103F-16F7-4668-BE54-9A1E7A4F7556}") = "Exercice _23", "Exercice _23\Exercice _23.csproj", "{8602D78D-17DF-43F7-BB19-0D2F7B6A4740}"
EndProject
Project("{9A19103F-16F7-4668-BE54-9A1E7A4F7556}") = "Exercice 24", "Exercice 24\Exercice 24.csproj", "{9CB10961-4C7C-46AD-89A1-32997C6EBE6F}"
EndProject
Project("{9A19103F-16F7-4668-BE54-9A1E7A4F7556}") = "Exercice 25", "Exercice 25\Exercice 25.csproj", "{D38F8928-69F8-49AB-B0BE-E00417050AC5}"
EndProject
Project("{9A19103F-16F7-4668-BE54-9A1E7A4F7556}") = "Bonus1", "Bonus1\Bonus1.csproj", "{29F7691A-BB35-431A-BB17-700B835973CC}"
EndProject
Project("{9A19103F-16F7-4668-BE54-9A1E7A4F7556}") = "Bonus 2", "Bonus 2\Bonus 2.csproj", "{6B7C1673-BB3F-4F51-A9C6-72E71241216F}"
EndProject
Project("{9A19103F-16F7-4668-BE54-9A1E7A4F7556}") = "sapin", "sapin\sapin.csproj", "{20C343BE-C07D-45EB-AF41-00820ADD71AA}"
EndProject
Project("{9A19103F-16F7-4668-BE54-9A1E7A4F7556}") = "Exercice26", "Exercice26\Exercice26.csproj", "{636BEC3B-46B5-4248-A56D-3491B7845558}"
EndProject
Project("{9A19103F-16F7-4668-BE54-9A1E7A4F7556}") = "Exercice29", "Exercice29\Exercice29.csproj", "{C18D829D-D731-4328-85DA-32EDC622F8A6}"
EndProject
Project("{9A19103F-16F7-4668-BE54-9A1E7A4F7556}") = "Exercice30", "Exercice30\Exercice30.csproj", "{4BC17B23-A118-408C-BFAE-0D1C8768074C}"
EndProject
Project("{9A19103F-16F7-4668-BE54-9A1E7A4F7556}") = "Exercice31", "Exercice31\Exercice31.csproj", "{42C5D8AD-EE71-42BE-950E-0511B6DF4329}"
EndProject
Project("{9A19103F-16F7-4668-BE54-9A1E7A4F7556}") = "Exercice32", "Exercice32\Exercice32.csproj", "{BCF3541B-EFB9-4F1E-B8AF-56CA1052D41B}"
EndProject
Project("{9A19103F-16F7-4668-BE54-9A1E7A4F7556}") = "Exercice33", "Exercice33\Exercice33.csproj", "{DDE5CDAB-93CC-4B57-9EA9-3B3F8C5FFE9D}"
EndProject
Project("{9A19103F-16F7-4668-BE54-9A1E7A4F7556}") = "Exercice35", "Exercice35\Exercice35.csproj", "{3C450A2E-821E-4B3E-8A58-67521C1C2AAE}"
EndProject
Project("{9A19103F-16F7-4668-BE54-9A1E7A4F7556}") = "Exercice34", "Exercice34\Exercice34.csproj", "{6D1D0BD5-A620-46FB-AFD1-32D0417A455A}"
EndProject
Project("{9A19103F-16F7-4668-BE54-9A1E7A4F7556}") = "test", "test\test.csproj", "{F3C544AB-3781-4C1D-BCF7-5821760B12D5}"
EndProject
Project("{9A19103F-16F7-4668-BE54-9A1E7A4F7556}") = "Exercice36", "Exercice36\Exercice36.csproj", "{0DF63A99-6AAF-4DEF-99C4-FB6F20B55738}"
EndProject
Project("{9A19103F-16F7-4668-BE54-9A1E7A4F7556}") = "Exercice 37", "Exercice 37\Exercice 37.csproj", "{CB20F0D7-7C65-45C5-BAF1-1CCE5A82C510}"
EndProject
Project("{9A19103F-16F7-4668-BE54-9A1E7A4F7556}") = "Exercice38", "Exercice38\Exercice38.csproj", "{F972FD56-312A-4ABA-BCCB-BAD648C8B89E}"
EndProject
Project("{9A19103F-16F7-4668-BE54-9A1E7A4F7556}") = "Exercice39", "Exercice39\Exercice39.csproj", "{FAB59ED3-89F0-4A2B-88BA-F00BDD117276}"
EndProject
Project("{9A19103F-16F7-4668-BE54-9A1E7A4F7556}") = "Exercice40", "Exercice40\Exercice40.csproj", "{C5F79171-E0CF-46BC-B6FD-B083195EB793}"
EndProject
Project("{9A19103F-16F7-4668-BE54-9A1E7A4F7556}") = "Exercice41", "Exercice41\Exercice41.csproj", "{35AE4A6C-3F1C-4C54-8D51-FA5B67C86D8C}"
EndProject
Project("{FAE04EC0-301F-11D3-BF4B-00C04F79EFBC}") = "Exercice42", "Exercice42\Exercice42.csproj", "{98AC4B97-B346-48CD-8B66-B009598A9F8B}"
EndProject
Global
	GlobalSection(SolutionConfigurationPlatforms) = preSolution
		Debug|Any CPU = Debug|Any CPU
		Release|Any CPU = Release|Any CPU
	EndGlobalSection
	GlobalSection(ProjectConfigurationPlatforms) = postSolution
		{AC41852E-D102-42A1-8808-36B2A5D07F47}.Debug|Any CPU.ActiveCfg = Debug|Any CPU
		{AC41852E-D102-42A1-8808-36B2A5D07F47}.Debug|Any CPU.Build.0 = Debug|Any CPU
		{AC41852E-D102-42A1-8808-36B2A5D07F47}.Release|Any CPU.ActiveCfg = Release|Any CPU
		{AC41852E-D102-42A1-8808-36B2A5D07F47}.Release|Any CPU.Build.0 = Release|Any CPU
		{357E24C1-D60B-460B-8098-15FFE39FD946}.Debug|Any CPU.ActiveCfg = Debug|Any CPU
		{357E24C1-D60B-460B-8098-15FFE39FD946}.Debug|Any CPU.Build.0 = Debug|Any CPU
		{357E24C1-D60B-460B-8098-15FFE39FD946}.Release|Any CPU.ActiveCfg = Release|Any CPU
		{357E24C1-D60B-460B-8098-15FFE39FD946}.Release|Any CPU.Build.0 = Release|Any CPU
		{9666E8D1-4B35-4863-91E4-B7680CF4A480}.Debug|Any CPU.ActiveCfg = Debug|Any CPU
		{9666E8D1-4B35-4863-91E4-B7680CF4A480}.Debug|Any CPU.Build.0 = Debug|Any CPU
		{9666E8D1-4B35-4863-91E4-B7680CF4A480}.Release|Any CPU.ActiveCfg = Release|Any CPU
		{9666E8D1-4B35-4863-91E4-B7680CF4A480}.Release|Any CPU.Build.0 = Release|Any CPU
		{F31F40CA-ECF2-404C-9791-CEF6DD90C994}.Debug|Any CPU.ActiveCfg = Debug|Any CPU
		{F31F40CA-ECF2-404C-9791-CEF6DD90C994}.Debug|Any CPU.Build.0 = Debug|Any CPU
		{F31F40CA-ECF2-404C-9791-CEF6DD90C994}.Release|Any CPU.ActiveCfg = Release|Any CPU
		{F31F40CA-ECF2-404C-9791-CEF6DD90C994}.Release|Any CPU.Build.0 = Release|Any CPU
		{A6BE909B-3E44-4A4C-801E-8DB9A3EB3182}.Debug|Any CPU.ActiveCfg = Debug|Any CPU
		{A6BE909B-3E44-4A4C-801E-8DB9A3EB3182}.Debug|Any CPU.Build.0 = Debug|Any CPU
		{A6BE909B-3E44-4A4C-801E-8DB9A3EB3182}.Release|Any CPU.ActiveCfg = Release|Any CPU
		{A6BE909B-3E44-4A4C-801E-8DB9A3EB3182}.Release|Any CPU.Build.0 = Release|Any CPU
		{CE0BD288-FF6E-42B5-A307-C94BE8F338AE}.Debug|Any CPU.ActiveCfg = Debug|Any CPU
		{CE0BD288-FF6E-42B5-A307-C94BE8F338AE}.Debug|Any CPU.Build.0 = Debug|Any CPU
		{CE0BD288-FF6E-42B5-A307-C94BE8F338AE}.Release|Any CPU.ActiveCfg = Release|Any CPU
		{CE0BD288-FF6E-42B5-A307-C94BE8F338AE}.Release|Any CPU.Build.0 = Release|Any CPU
		{2AD9C2A9-6D6A-433A-AD48-C6C497FC1029}.Debug|Any CPU.ActiveCfg = Debug|Any CPU
		{2AD9C2A9-6D6A-433A-AD48-C6C497FC1029}.Debug|Any CPU.Build.0 = Debug|Any CPU
		{2AD9C2A9-6D6A-433A-AD48-C6C497FC1029}.Release|Any CPU.ActiveCfg = Release|Any CPU
		{2AD9C2A9-6D6A-433A-AD48-C6C497FC1029}.Release|Any CPU.Build.0 = Release|Any CPU
		{3DFD4ED5-F21F-4481-9747-6B24A1E02C75}.Debug|Any CPU.ActiveCfg = Debug|Any CPU
		{3DFD4ED5-F21F-4481-9747-6B24A1E02C75}.Debug|Any CPU.Build.0 = Debug|Any CPU
		{3DFD4ED5-F21F-4481-9747-6B24A1E02C75}.Release|Any CPU.ActiveCfg = Release|Any CPU
		{3DFD4ED5-F21F-4481-9747-6B24A1E02C75}.Release|Any CPU.Build.0 = Release|Any CPU
		{BA5F4ABF-A5C9-467C-9FE3-F22FA884D40C}.Debug|Any CPU.ActiveCfg = Debug|Any CPU
		{BA5F4ABF-A5C9-467C-9FE3-F22FA884D40C}.Debug|Any CPU.Build.0 = Debug|Any CPU
		{BA5F4ABF-A5C9-467C-9FE3-F22FA884D40C}.Release|Any CPU.ActiveCfg = Release|Any CPU
		{BA5F4ABF-A5C9-467C-9FE3-F22FA884D40C}.Release|Any CPU.Build.0 = Release|Any CPU
		{8D854B95-280D-4C2D-99F8-F564E39648D5}.Debug|Any CPU.ActiveCfg = Debug|Any CPU
		{8D854B95-280D-4C2D-99F8-F564E39648D5}.Debug|Any CPU.Build.0 = Debug|Any CPU
		{8D854B95-280D-4C2D-99F8-F564E39648D5}.Release|Any CPU.ActiveCfg = Release|Any CPU
		{8D854B95-280D-4C2D-99F8-F564E39648D5}.Release|Any CPU.Build.0 = Release|Any CPU
		{298C7577-56F6-45B9-9168-811F0393C797}.Debug|Any CPU.ActiveCfg = Debug|Any CPU
		{298C7577-56F6-45B9-9168-811F0393C797}.Debug|Any CPU.Build.0 = Debug|Any CPU
		{298C7577-56F6-45B9-9168-811F0393C797}.Release|Any CPU.ActiveCfg = Release|Any CPU
		{298C7577-56F6-45B9-9168-811F0393C797}.Release|Any CPU.Build.0 = Release|Any CPU
		{832B14A3-2659-44C2-ADE9-58AA56353D18}.Debug|Any CPU.ActiveCfg = Debug|Any CPU
		{832B14A3-2659-44C2-ADE9-58AA56353D18}.Debug|Any CPU.Build.0 = Debug|Any CPU
		{832B14A3-2659-44C2-ADE9-58AA56353D18}.Release|Any CPU.ActiveCfg = Release|Any CPU
		{832B14A3-2659-44C2-ADE9-58AA56353D18}.Release|Any CPU.Build.0 = Release|Any CPU
		{E7565D5B-29DC-4B59-9584-D5880ECB8A88}.Debug|Any CPU.ActiveCfg = Debug|Any CPU
		{E7565D5B-29DC-4B59-9584-D5880ECB8A88}.Debug|Any CPU.Build.0 = Debug|Any CPU
		{E7565D5B-29DC-4B59-9584-D5880ECB8A88}.Release|Any CPU.ActiveCfg = Release|Any CPU
		{E7565D5B-29DC-4B59-9584-D5880ECB8A88}.Release|Any CPU.Build.0 = Release|Any CPU
		{8D29676A-7A13-4A18-8394-25F17A8F32E2}.Debug|Any CPU.ActiveCfg = Debug|Any CPU
		{8D29676A-7A13-4A18-8394-25F17A8F32E2}.Debug|Any CPU.Build.0 = Debug|Any CPU
		{8D29676A-7A13-4A18-8394-25F17A8F32E2}.Release|Any CPU.ActiveCfg = Release|Any CPU
		{8D29676A-7A13-4A18-8394-25F17A8F32E2}.Release|Any CPU.Build.0 = Release|Any CPU
		{E7B60AAE-E974-4DCD-9EAB-B4E9C1E6EAEC}.Debug|Any CPU.ActiveCfg = Debug|Any CPU
		{E7B60AAE-E974-4DCD-9EAB-B4E9C1E6EAEC}.Debug|Any CPU.Build.0 = Debug|Any CPU
		{E7B60AAE-E974-4DCD-9EAB-B4E9C1E6EAEC}.Release|Any CPU.ActiveCfg = Release|Any CPU
		{E7B60AAE-E974-4DCD-9EAB-B4E9C1E6EAEC}.Release|Any CPU.Build.0 = Release|Any CPU
		{AAC4C0F2-9F2A-4A36-9F4A-C866733C09CA}.Debug|Any CPU.ActiveCfg = Debug|Any CPU
		{AAC4C0F2-9F2A-4A36-9F4A-C866733C09CA}.Debug|Any CPU.Build.0 = Debug|Any CPU
		{AAC4C0F2-9F2A-4A36-9F4A-C866733C09CA}.Release|Any CPU.ActiveCfg = Release|Any CPU
		{AAC4C0F2-9F2A-4A36-9F4A-C866733C09CA}.Release|Any CPU.Build.0 = Release|Any CPU
		{3EE28F9F-C8C1-4864-BCBD-949E62C9C963}.Debug|Any CPU.ActiveCfg = Debug|Any CPU
		{3EE28F9F-C8C1-4864-BCBD-949E62C9C963}.Debug|Any CPU.Build.0 = Debug|Any CPU
		{3EE28F9F-C8C1-4864-BCBD-949E62C9C963}.Release|Any CPU.ActiveCfg = Release|Any CPU
		{3EE28F9F-C8C1-4864-BCBD-949E62C9C963}.Release|Any CPU.Build.0 = Release|Any CPU
		{9F168E40-4210-441D-98FB-38E846E895B3}.Debug|Any CPU.ActiveCfg = Debug|Any CPU
		{9F168E40-4210-441D-98FB-38E846E895B3}.Debug|Any CPU.Build.0 = Debug|Any CPU
		{9F168E40-4210-441D-98FB-38E846E895B3}.Release|Any CPU.ActiveCfg = Release|Any CPU
		{9F168E40-4210-441D-98FB-38E846E895B3}.Release|Any CPU.Build.0 = Release|Any CPU
		{F1AF379C-2D8B-499E-93CB-13C60A027552}.Debug|Any CPU.ActiveCfg = Debug|Any CPU
		{F1AF379C-2D8B-499E-93CB-13C60A027552}.Debug|Any CPU.Build.0 = Debug|Any CPU
		{F1AF379C-2D8B-499E-93CB-13C60A027552}.Release|Any CPU.ActiveCfg = Release|Any CPU
		{F1AF379C-2D8B-499E-93CB-13C60A027552}.Release|Any CPU.Build.0 = Release|Any CPU
		{6CE829C2-88FF-4AF1-B557-C52150E8FD71}.Debug|Any CPU.ActiveCfg = Debug|Any CPU
		{6CE829C2-88FF-4AF1-B557-C52150E8FD71}.Debug|Any CPU.Build.0 = Debug|Any CPU
		{6CE829C2-88FF-4AF1-B557-C52150E8FD71}.Release|Any CPU.ActiveCfg = Release|Any CPU
		{6CE829C2-88FF-4AF1-B557-C52150E8FD71}.Release|Any CPU.Build.0 = Release|Any CPU
		{81D45F59-CFCC-49BB-8E99-CB74E2B28603}.Debug|Any CPU.ActiveCfg = Debug|Any CPU
		{81D45F59-CFCC-49BB-8E99-CB74E2B28603}.Debug|Any CPU.Build.0 = Debug|Any CPU
		{81D45F59-CFCC-49BB-8E99-CB74E2B28603}.Release|Any CPU.ActiveCfg = Release|Any CPU
		{81D45F59-CFCC-49BB-8E99-CB74E2B28603}.Release|Any CPU.Build.0 = Release|Any CPU
		{8602D78D-17DF-43F7-BB19-0D2F7B6A4740}.Debug|Any CPU.ActiveCfg = Debug|Any CPU
		{8602D78D-17DF-43F7-BB19-0D2F7B6A4740}.Debug|Any CPU.Build.0 = Debug|Any CPU
		{8602D78D-17DF-43F7-BB19-0D2F7B6A4740}.Release|Any CPU.ActiveCfg = Release|Any CPU
		{8602D78D-17DF-43F7-BB19-0D2F7B6A4740}.Release|Any CPU.Build.0 = Release|Any CPU
		{9CB10961-4C7C-46AD-89A1-32997C6EBE6F}.Debug|Any CPU.ActiveCfg = Debug|Any CPU
		{9CB10961-4C7C-46AD-89A1-32997C6EBE6F}.Debug|Any CPU.Build.0 = Debug|Any CPU
		{9CB10961-4C7C-46AD-89A1-32997C6EBE6F}.Release|Any CPU.ActiveCfg = Release|Any CPU
		{9CB10961-4C7C-46AD-89A1-32997C6EBE6F}.Release|Any CPU.Build.0 = Release|Any CPU
		{D38F8928-69F8-49AB-B0BE-E00417050AC5}.Debug|Any CPU.ActiveCfg = Debug|Any CPU
		{D38F8928-69F8-49AB-B0BE-E00417050AC5}.Debug|Any CPU.Build.0 = Debug|Any CPU
		{D38F8928-69F8-49AB-B0BE-E00417050AC5}.Release|Any CPU.ActiveCfg = Release|Any CPU
		{D38F8928-69F8-49AB-B0BE-E00417050AC5}.Release|Any CPU.Build.0 = Release|Any CPU
		{29F7691A-BB35-431A-BB17-700B835973CC}.Debug|Any CPU.ActiveCfg = Debug|Any CPU
		{29F7691A-BB35-431A-BB17-700B835973CC}.Debug|Any CPU.Build.0 = Debug|Any CPU
		{29F7691A-BB35-431A-BB17-700B835973CC}.Release|Any CPU.ActiveCfg = Release|Any CPU
		{29F7691A-BB35-431A-BB17-700B835973CC}.Release|Any CPU.Build.0 = Release|Any CPU
		{6B7C1673-BB3F-4F51-A9C6-72E71241216F}.Debug|Any CPU.ActiveCfg = Debug|Any CPU
		{6B7C1673-BB3F-4F51-A9C6-72E71241216F}.Debug|Any CPU.Build.0 = Debug|Any CPU
		{6B7C1673-BB3F-4F51-A9C6-72E71241216F}.Release|Any CPU.ActiveCfg = Release|Any CPU
		{6B7C1673-BB3F-4F51-A9C6-72E71241216F}.Release|Any CPU.Build.0 = Release|Any CPU
		{20C343BE-C07D-45EB-AF41-00820ADD71AA}.Debug|Any CPU.ActiveCfg = Debug|Any CPU
		{20C343BE-C07D-45EB-AF41-00820ADD71AA}.Debug|Any CPU.Build.0 = Debug|Any CPU
		{20C343BE-C07D-45EB-AF41-00820ADD71AA}.Release|Any CPU.ActiveCfg = Release|Any CPU
		{20C343BE-C07D-45EB-AF41-00820ADD71AA}.Release|Any CPU.Build.0 = Release|Any CPU
		{636BEC3B-46B5-4248-A56D-3491B7845558}.Debug|Any CPU.ActiveCfg = Debug|Any CPU
		{636BEC3B-46B5-4248-A56D-3491B7845558}.Debug|Any CPU.Build.0 = Debug|Any CPU
		{636BEC3B-46B5-4248-A56D-3491B7845558}.Release|Any CPU.ActiveCfg = Release|Any CPU
		{636BEC3B-46B5-4248-A56D-3491B7845558}.Release|Any CPU.Build.0 = Release|Any CPU
		{C18D829D-D731-4328-85DA-32EDC622F8A6}.Debug|Any CPU.ActiveCfg = Debug|Any CPU
		{C18D829D-D731-4328-85DA-32EDC622F8A6}.Debug|Any CPU.Build.0 = Debug|Any CPU
		{C18D829D-D731-4328-85DA-32EDC622F8A6}.Release|Any CPU.ActiveCfg = Release|Any CPU
		{C18D829D-D731-4328-85DA-32EDC622F8A6}.Release|Any CPU.Build.0 = Release|Any CPU
		{4BC17B23-A118-408C-BFAE-0D1C8768074C}.Debug|Any CPU.ActiveCfg = Debug|Any CPU
		{4BC17B23-A118-408C-BFAE-0D1C8768074C}.Debug|Any CPU.Build.0 = Debug|Any CPU
		{4BC17B23-A118-408C-BFAE-0D1C8768074C}.Release|Any CPU.ActiveCfg = Release|Any CPU
		{4BC17B23-A118-408C-BFAE-0D1C8768074C}.Release|Any CPU.Build.0 = Release|Any CPU
		{42C5D8AD-EE71-42BE-950E-0511B6DF4329}.Debug|Any CPU.ActiveCfg = Debug|Any CPU
		{42C5D8AD-EE71-42BE-950E-0511B6DF4329}.Debug|Any CPU.Build.0 = Debug|Any CPU
		{42C5D8AD-EE71-42BE-950E-0511B6DF4329}.Release|Any CPU.ActiveCfg = Release|Any CPU
		{42C5D8AD-EE71-42BE-950E-0511B6DF4329}.Release|Any CPU.Build.0 = Release|Any CPU
		{BCF3541B-EFB9-4F1E-B8AF-56CA1052D41B}.Debug|Any CPU.ActiveCfg = Debug|Any CPU
		{BCF3541B-EFB9-4F1E-B8AF-56CA1052D41B}.Debug|Any CPU.Build.0 = Debug|Any CPU
		{BCF3541B-EFB9-4F1E-B8AF-56CA1052D41B}.Release|Any CPU.ActiveCfg = Release|Any CPU
		{BCF3541B-EFB9-4F1E-B8AF-56CA1052D41B}.Release|Any CPU.Build.0 = Release|Any CPU
		{DDE5CDAB-93CC-4B57-9EA9-3B3F8C5FFE9D}.Debug|Any CPU.ActiveCfg = Debug|Any CPU
		{DDE5CDAB-93CC-4B57-9EA9-3B3F8C5FFE9D}.Debug|Any CPU.Build.0 = Debug|Any CPU
		{DDE5CDAB-93CC-4B57-9EA9-3B3F8C5FFE9D}.Release|Any CPU.ActiveCfg = Release|Any CPU
		{DDE5CDAB-93CC-4B57-9EA9-3B3F8C5FFE9D}.Release|Any CPU.Build.0 = Release|Any CPU
		{3C450A2E-821E-4B3E-8A58-67521C1C2AAE}.Debug|Any CPU.ActiveCfg = Debug|Any CPU
		{3C450A2E-821E-4B3E-8A58-67521C1C2AAE}.Debug|Any CPU.Build.0 = Debug|Any CPU
		{3C450A2E-821E-4B3E-8A58-67521C1C2AAE}.Release|Any CPU.ActiveCfg = Release|Any CPU
		{3C450A2E-821E-4B3E-8A58-67521C1C2AAE}.Release|Any CPU.Build.0 = Release|Any CPU
		{6D1D0BD5-A620-46FB-AFD1-32D0417A455A}.Debug|Any CPU.ActiveCfg = Debug|Any CPU
		{6D1D0BD5-A620-46FB-AFD1-32D0417A455A}.Debug|Any CPU.Build.0 = Debug|Any CPU
		{6D1D0BD5-A620-46FB-AFD1-32D0417A455A}.Release|Any CPU.ActiveCfg = Release|Any CPU
		{6D1D0BD5-A620-46FB-AFD1-32D0417A455A}.Release|Any CPU.Build.0 = Release|Any CPU
		{F3C544AB-3781-4C1D-BCF7-5821760B12D5}.Debug|Any CPU.ActiveCfg = Debug|Any CPU
		{F3C544AB-3781-4C1D-BCF7-5821760B12D5}.Debug|Any CPU.Build.0 = Debug|Any CPU
		{F3C544AB-3781-4C1D-BCF7-5821760B12D5}.Release|Any CPU.ActiveCfg = Release|Any CPU
		{F3C544AB-3781-4C1D-BCF7-5821760B12D5}.Release|Any CPU.Build.0 = Release|Any CPU
		{0DF63A99-6AAF-4DEF-99C4-FB6F20B55738}.Debug|Any CPU.ActiveCfg = Debug|Any CPU
		{0DF63A99-6AAF-4DEF-99C4-FB6F20B55738}.Debug|Any CPU.Build.0 = Debug|Any CPU
		{0DF63A99-6AAF-4DEF-99C4-FB6F20B55738}.Release|Any CPU.ActiveCfg = Release|Any CPU
		{0DF63A99-6AAF-4DEF-99C4-FB6F20B55738}.Release|Any CPU.Build.0 = Release|Any CPU
		{CB20F0D7-7C65-45C5-BAF1-1CCE5A82C510}.Debug|Any CPU.ActiveCfg = Debug|Any CPU
		{CB20F0D7-7C65-45C5-BAF1-1CCE5A82C510}.Debug|Any CPU.Build.0 = Debug|Any CPU
		{CB20F0D7-7C65-45C5-BAF1-1CCE5A82C510}.Release|Any CPU.ActiveCfg = Release|Any CPU
		{CB20F0D7-7C65-45C5-BAF1-1CCE5A82C510}.Release|Any CPU.Build.0 = Release|Any CPU
		{F972FD56-312A-4ABA-BCCB-BAD648C8B89E}.Debug|Any CPU.ActiveCfg = Debug|Any CPU
		{F972FD56-312A-4ABA-BCCB-BAD648C8B89E}.Debug|Any CPU.Build.0 = Debug|Any CPU
		{F972FD56-312A-4ABA-BCCB-BAD648C8B89E}.Release|Any CPU.ActiveCfg = Release|Any CPU
		{F972FD56-312A-4ABA-BCCB-BAD648C8B89E}.Release|Any CPU.Build.0 = Release|Any CPU
		{FAB59ED3-89F0-4A2B-88BA-F00BDD117276}.Debug|Any CPU.ActiveCfg = Debug|Any CPU
		{FAB59ED3-89F0-4A2B-88BA-F00BDD117276}.Debug|Any CPU.Build.0 = Debug|Any CPU
		{FAB59ED3-89F0-4A2B-88BA-F00BDD117276}.Release|Any CPU.ActiveCfg = Release|Any CPU
		{FAB59ED3-89F0-4A2B-88BA-F00BDD117276}.Release|Any CPU.Build.0 = Release|Any CPU
		{C5F79171-E0CF-46BC-B6FD-B083195EB793}.Debug|Any CPU.ActiveCfg = Debug|Any CPU
		{C5F79171-E0CF-46BC-B6FD-B083195EB793}.Debug|Any CPU.Build.0 = Debug|Any CPU
		{C5F79171-E0CF-46BC-B6FD-B083195EB793}.Release|Any CPU.ActiveCfg = Release|Any CPU
		{C5F79171-E0CF-46BC-B6FD-B083195EB793}.Release|Any CPU.Build.0 = Release|Any CPU
		{35AE4A6C-3F1C-4C54-8D51-FA5B67C86D8C}.Debug|Any CPU.ActiveCfg = Debug|Any CPU
		{35AE4A6C-3F1C-4C54-8D51-FA5B67C86D8C}.Debug|Any CPU.Build.0 = Debug|Any CPU
		{35AE4A6C-3F1C-4C54-8D51-FA5B67C86D8C}.Release|Any CPU.ActiveCfg = Release|Any CPU
		{35AE4A6C-3F1C-4C54-8D51-FA5B67C86D8C}.Release|Any CPU.Build.0 = Release|Any CPU
		{98AC4B97-B346-48CD-8B66-B009598A9F8B}.Debug|Any CPU.ActiveCfg = Debug|Any CPU
		{98AC4B97-B346-48CD-8B66-B009598A9F8B}.Debug|Any CPU.Build.0 = Debug|Any CPU
		{98AC4B97-B346-48CD-8B66-B009598A9F8B}.Release|Any CPU.ActiveCfg = Release|Any CPU
		{98AC4B97-B346-48CD-8B66-B009598A9F8B}.Release|Any CPU.Build.0 = Release|Any CPU
	EndGlobalSection
	GlobalSection(SolutionProperties) = preSolution
		HideSolutionNode = FALSE
	EndGlobalSection
	GlobalSection(NestedProjects) = preSolution
		{AC41852E-D102-42A1-8808-36B2A5D07F47} = {637AA4FC-63BA-4CDF-AE40-963C96AF36F3}
		{357E24C1-D60B-460B-8098-15FFE39FD946} = {637AA4FC-63BA-4CDF-AE40-963C96AF36F3}
		{9666E8D1-4B35-4863-91E4-B7680CF4A480} = {637AA4FC-63BA-4CDF-AE40-963C96AF36F3}
		{F31F40CA-ECF2-404C-9791-CEF6DD90C994} = {637AA4FC-63BA-4CDF-AE40-963C96AF36F3}
		{A6BE909B-3E44-4A4C-801E-8DB9A3EB3182} = {637AA4FC-63BA-4CDF-AE40-963C96AF36F3}
		{CE0BD288-FF6E-42B5-A307-C94BE8F338AE} = {637AA4FC-63BA-4CDF-AE40-963C96AF36F3}
		{2AD9C2A9-6D6A-433A-AD48-C6C497FC1029} = {637AA4FC-63BA-4CDF-AE40-963C96AF36F3}
		{3DFD4ED5-F21F-4481-9747-6B24A1E02C75} = {637AA4FC-63BA-4CDF-AE40-963C96AF36F3}
		{BA5F4ABF-A5C9-467C-9FE3-F22FA884D40C} = {637AA4FC-63BA-4CDF-AE40-963C96AF36F3}
		{8D854B95-280D-4C2D-99F8-F564E39648D5} = {637AA4FC-63BA-4CDF-AE40-963C96AF36F3}
		{298C7577-56F6-45B9-9168-811F0393C797} = {637AA4FC-63BA-4CDF-AE40-963C96AF36F3}
		{832B14A3-2659-44C2-ADE9-58AA56353D18} = {637AA4FC-63BA-4CDF-AE40-963C96AF36F3}
		{E7565D5B-29DC-4B59-9584-D5880ECB8A88} = {637AA4FC-63BA-4CDF-AE40-963C96AF36F3}
		{8D29676A-7A13-4A18-8394-25F17A8F32E2} = {637AA4FC-63BA-4CDF-AE40-963C96AF36F3}
		{E7B60AAE-E974-4DCD-9EAB-B4E9C1E6EAEC} = {637AA4FC-63BA-4CDF-AE40-963C96AF36F3}
		{AAC4C0F2-9F2A-4A36-9F4A-C866733C09CA} = {637AA4FC-63BA-4CDF-AE40-963C96AF36F3}
		{3EE28F9F-C8C1-4864-BCBD-949E62C9C963} = {637AA4FC-63BA-4CDF-AE40-963C96AF36F3}
		{9F168E40-4210-441D-98FB-38E846E895B3} = {637AA4FC-63BA-4CDF-AE40-963C96AF36F3}
		{F1AF379C-2D8B-499E-93CB-13C60A027552} = {637AA4FC-63BA-4CDF-AE40-963C96AF36F3}
		{6CE829C2-88FF-4AF1-B557-C52150E8FD71} = {637AA4FC-63BA-4CDF-AE40-963C96AF36F3}
		{81D45F59-CFCC-49BB-8E99-CB74E2B28603} = {637AA4FC-63BA-4CDF-AE40-963C96AF36F3}
		{8602D78D-17DF-43F7-BB19-0D2F7B6A4740} = {637AA4FC-63BA-4CDF-AE40-963C96AF36F3}
		{9CB10961-4C7C-46AD-89A1-32997C6EBE6F} = {637AA4FC-63BA-4CDF-AE40-963C96AF36F3}
		{D38F8928-69F8-49AB-B0BE-E00417050AC5} = {637AA4FC-63BA-4CDF-AE40-963C96AF36F3}
		{29F7691A-BB35-431A-BB17-700B835973CC} = {637AA4FC-63BA-4CDF-AE40-963C96AF36F3}
		{6B7C1673-BB3F-4F51-A9C6-72E71241216F} = {637AA4FC-63BA-4CDF-AE40-963C96AF36F3}
		{20C343BE-C07D-45EB-AF41-00820ADD71AA} = {637AA4FC-63BA-4CDF-AE40-963C96AF36F3}
		{636BEC3B-46B5-4248-A56D-3491B7845558} = {637AA4FC-63BA-4CDF-AE40-963C96AF36F3}
		{C18D829D-D731-4328-85DA-32EDC622F8A6} = {637AA4FC-63BA-4CDF-AE40-963C96AF36F3}
		{4BC17B23-A118-408C-BFAE-0D1C8768074C} = {637AA4FC-63BA-4CDF-AE40-963C96AF36F3}
		{42C5D8AD-EE71-42BE-950E-0511B6DF4329} = {637AA4FC-63BA-4CDF-AE40-963C96AF36F3}
		{BCF3541B-EFB9-4F1E-B8AF-56CA1052D41B} = {637AA4FC-63BA-4CDF-AE40-963C96AF36F3}
		{DDE5CDAB-93CC-4B57-9EA9-3B3F8C5FFE9D} = {637AA4FC-63BA-4CDF-AE40-963C96AF36F3}
		{3C450A2E-821E-4B3E-8A58-67521C1C2AAE} = {637AA4FC-63BA-4CDF-AE40-963C96AF36F3}
		{6D1D0BD5-A620-46FB-AFD1-32D0417A455A} = {637AA4FC-63BA-4CDF-AE40-963C96AF36F3}
		{F3C544AB-3781-4C1D-BCF7-5821760B12D5} = {637AA4FC-63BA-4CDF-AE40-963C96AF36F3}
		{0DF63A99-6AAF-4DEF-99C4-FB6F20B55738} = {637AA4FC-63BA-4CDF-AE40-963C96AF36F3}
		{CB20F0D7-7C65-45C5-BAF1-1CCE5A82C510} = {637AA4FC-63BA-4CDF-AE40-963C96AF36F3}
		{F972FD56-312A-4ABA-BCCB-BAD648C8B89E} = {637AA4FC-63BA-4CDF-AE40-963C96AF36F3}
		{FAB59ED3-89F0-4A2B-88BA-F00BDD117276} = {637AA4FC-63BA-4CDF-AE40-963C96AF36F3}
		{C5F79171-E0CF-46BC-B6FD-B083195EB793} = {637AA4FC-63BA-4CDF-AE40-963C96AF36F3}
		{35AE4A6C-3F1C-4C54-8D51-FA5B67C86D8C} = {637AA4FC-63BA-4CDF-AE40-963C96AF36F3}
		{98AC4B97-B346-48CD-8B66-B009598A9F8B} = {637AA4FC-63BA-4CDF-AE40-963C96AF36F3}
	EndGlobalSection
	GlobalSection(ExtensibilityGlobals) = postSolution
		SolutionGuid = {33887B1A-B8D9-41AF-95DF-BCCD18A57A35}
	EndGlobalSection
EndGlobal
