
Microsoft Visual Studio Solution File, Format Version 12.00
# Visual Studio Version 17
VisualStudioVersion = 17.8.34330.188
MinimumVisualStudioVersion = 10.0.40219.1
Project("{FAE04EC0-301F-11D3-BF4B-00C04F79EFBC}") = "ExoTDD", "ExoTDD\ExoTDD.csproj", "{755FC349-6CD8-494B-9287-183C42BC9B7F}"
EndProject
Global
	GlobalSection(SolutionConfigurationPlatforms) = preSolution
		Debug|Any CPU = Debug|Any CPU
		Release|Any CPU = Release|Any CPU
	EndGlobalSection
	GlobalSection(ProjectConfigurationPlatforms) = postSolution
		{755FC349-6CD8-494B-9287-183C42BC9B7F}.Debug|Any CPU.ActiveCfg = Debug|Any CPU
		{755FC349-6CD8-494B-9287-183C42BC9B7F}.Debug|Any CPU.Build.0 = Debug|Any CPU
		{755FC349-6CD8-494B-9287-183C42BC9B7F}.Release|Any CPU.ActiveCfg = Release|Any CPU
		{755FC349-6CD8-494B-9287-183C42BC9B7F}.Release|Any CPU.Build.0 = Release|Any CPU
	EndGlobalSection
	GlobalSection(SolutionProperties) = preSolution
		HideSolutionNode = FALSE
	EndGlobalSection
	GlobalSection(ExtensibilityGlobals) = postSolution
		SolutionGuid = {A3ADDA69-C527-4BF2-ADA3-FABB05F0A0CD}
	EndGlobalSection
EndGlobal
