
Microsoft Visual Studio Solution File, Format Version 12.00
# Visual Studio Version 17
VisualStudioVersion = 17.8.34330.188
MinimumVisualStudioVersion = 10.0.40219.1
Project("{FAE04EC0-301F-11D3-BF4B-00C04F79EFBC}") = "Exo.Bibliotheque", "Exo.Bibliotheque\Exo.Bibliotheque.csproj", "{F738C063-4D19-48DF-9C06-FE04CB6AE7B7}"
EndProject
Project("{FAE04EC0-301F-11D3-BF4B-00C04F79EFBC}") = "FibTester.Tests", "FibTester.Tests\FibTester.Tests.csproj", "{99481266-488F-4711-A04E-8D70089E2C28}"
EndProject
Global
	GlobalSection(SolutionConfigurationPlatforms) = preSolution
		Debug|Any CPU = Debug|Any CPU
		Release|Any CPU = Release|Any CPU
	EndGlobalSection
	GlobalSection(ProjectConfigurationPlatforms) = postSolution
		{F738C063-4D19-48DF-9C06-FE04CB6AE7B7}.Debug|Any CPU.ActiveCfg = Debug|Any CPU
		{F738C063-4D19-48DF-9C06-FE04CB6AE7B7}.Debug|Any CPU.Build.0 = Debug|Any CPU
		{F738C063-4D19-48DF-9C06-FE04CB6AE7B7}.Release|Any CPU.ActiveCfg = Release|Any CPU
		{F738C063-4D19-48DF-9C06-FE04CB6AE7B7}.Release|Any CPU.Build.0 = Release|Any CPU
		{99481266-488F-4711-A04E-8D70089E2C28}.Debug|Any CPU.ActiveCfg = Debug|Any CPU
		{99481266-488F-4711-A04E-8D70089E2C28}.Debug|Any CPU.Build.0 = Debug|Any CPU
		{99481266-488F-4711-A04E-8D70089E2C28}.Release|Any CPU.ActiveCfg = Release|Any CPU
		{99481266-488F-4711-A04E-8D70089E2C28}.Release|Any CPU.Build.0 = Release|Any CPU
	EndGlobalSection
	GlobalSection(SolutionProperties) = preSolution
		HideSolutionNode = FALSE
	EndGlobalSection
	GlobalSection(ExtensibilityGlobals) = postSolution
		SolutionGuid = {A3ADDA69-C527-4BF2-ADA3-FABB05F0A0CD}
	EndGlobalSection
EndGlobal
